# THIS IS AN AUTOGENERATED FILE. DO NOT EDIT THIS FILE DIRECTLY.
# yarn lockfile v1


"@fullcalendar/list@^6.1.17":
  version "6.1.17"
  resolved "https://registry.yarnpkg.com/@fullcalendar/list/-/list-6.1.17.tgz#0111df515e662f2372bc50e56b90c3a5c2dc8ce0"
  integrity sha512-fkyK49F9IxwlGUBVhJGsFpd/LTi/vRVERLIAe1HmBaGkjwpxnynm8TMLb9mZip97wvDk3CmZWduMe6PxscAlow==
